
Microsoft Visual Studio Solution File, Format Version 12.00
# Visual Studio Version 17
VisualStudioVersion = 17.5.33414.496
MinimumVisualStudioVersion = 10.0.40219.1
Project("{FAE04EC0-301F-11D3-BF4B-00C04F79EFBC}") = "Console_Odev", "Console_Odev\Console_Odev.csproj", "{44D8EFA0-65E7-4F1F-8B10-801D751ABC73}"
EndProject
Global
	GlobalSection(SolutionConfigurationPlatforms) = preSolution
		Debug|Any CPU = Debug|Any CPU
		Release|Any CPU = Release|Any CPU
	EndGlobalSection
	GlobalSection(ProjectConfigurationPlatforms) = postSolution
		{44D8EFA0-65E7-4F1F-8B10-801D751ABC73}.Debug|Any CPU.ActiveCfg = Debug|Any CPU
		{44D8EFA0-65E7-4F1F-8B10-801D751ABC73}.Debug|Any CPU.Build.0 = Debug|Any CPU
		{44D8EFA0-65E7-4F1F-8B10-801D751ABC73}.Release|Any CPU.ActiveCfg = Release|Any CPU
		{44D8EFA0-65E7-4F1F-8B10-801D751ABC73}.Release|Any CPU.Build.0 = Release|Any CPU
	EndGlobalSection
	GlobalSection(SolutionProperties) = preSolution
		HideSolutionNode = FALSE
	EndGlobalSection
	GlobalSection(ExtensibilityGlobals) = postSolution
		SolutionGuid = {02125FA5-6911-4602-94B1-B4BF808930E3}
	EndGlobalSection
EndGlobal
